
Microsoft Visual Studio Solution File, Format Version 12.00
# Visual Studio Version 16
VisualStudioVersion = 16.0.29318.209
MinimumVisualStudioVersion = 10.0.40219.1
Project("{FAE04EC0-301F-11D3-BF4B-00C04F79EFBC}") = "adressbook-web-tests1", "adressbook-web-tests1\adressbook-web-tests1.csproj", "{6CC2231C-EDC2-4979-98C0-BE6EC553B7DF}"
EndProject
Global
	GlobalSection(SolutionConfigurationPlatforms) = preSolution
		Debug|Any CPU = Debug|Any CPU
		Release|Any CPU = Release|Any CPU
	EndGlobalSection
	GlobalSection(ProjectConfigurationPlatforms) = postSolution
		{6CC2231C-EDC2-4979-98C0-BE6EC553B7DF}.Debug|Any CPU.ActiveCfg = Debug|Any CPU
		{6CC2231C-EDC2-4979-98C0-BE6EC553B7DF}.Debug|Any CPU.Build.0 = Debug|Any CPU
		{6CC2231C-EDC2-4979-98C0-BE6EC553B7DF}.Release|Any CPU.ActiveCfg = Release|Any CPU
		{6CC2231C-EDC2-4979-98C0-BE6EC553B7DF}.Release|Any CPU.Build.0 = Release|Any CPU
	EndGlobalSection
	GlobalSection(SolutionProperties) = preSolution
		HideSolutionNode = FALSE
	EndGlobalSection
	GlobalSection(ExtensibilityGlobals) = postSolution
		SolutionGuid = {523C0642-A17F-4A2D-91BA-8C832A9D5E57}
	EndGlobalSection
EndGlobal
