
Microsoft Visual Studio Solution File, Format Version 12.00
# Visual Studio Version 16
VisualStudioVersion = 16.0.29318.209
MinimumVisualStudioVersion = 10.0.40219.1
Project("{FAE04EC0-301F-11D3-BF4B-00C04F79EFBC}") = "addressbook_tests_autoit", "addressbook_tests_autoit\addressbook_tests_autoit.csproj", "{DB0B1453-70E3-4979-AE7F-C417ED111316}"
EndProject
Global
	GlobalSection(SolutionConfigurationPlatforms) = preSolution
		Debug|Any CPU = Debug|Any CPU
		Release|Any CPU = Release|Any CPU
	EndGlobalSection
	GlobalSection(ProjectConfigurationPlatforms) = postSolution
		{DB0B1453-70E3-4979-AE7F-C417ED111316}.Debug|Any CPU.ActiveCfg = Debug|Any CPU
		{DB0B1453-70E3-4979-AE7F-C417ED111316}.Debug|Any CPU.Build.0 = Debug|Any CPU
		{DB0B1453-70E3-4979-AE7F-C417ED111316}.Release|Any CPU.ActiveCfg = Release|Any CPU
		{DB0B1453-70E3-4979-AE7F-C417ED111316}.Release|Any CPU.Build.0 = Release|Any CPU
	EndGlobalSection
	GlobalSection(SolutionProperties) = preSolution
		HideSolutionNode = FALSE
	EndGlobalSection
	GlobalSection(ExtensibilityGlobals) = postSolution
		SolutionGuid = {06B7FF4C-6FAD-45E9-B56F-C00622506976}
	EndGlobalSection
EndGlobal
